
Microsoft Visual Studio Solution File, Format Version 12.00
# Visual Studio Version 16
VisualStudioVersion = 16.0.30907.101
MinimumVisualStudioVersion = 10.0.40219.1
Project("{9A19103F-16F7-4668-BE54-9A1E7A4F7556}") = "JonasOchJohansMataffär", "JonasOchJohansMataffär\JonasOchJohansMataffär.csproj", "{E2C4723E-265F-472B-BA35-E404CD1156EC}"
EndProject
Project("{9A19103F-16F7-4668-BE54-9A1E7A4F7556}") = "ProductManager", "ProductManager\ProductManager.csproj", "{77A89A37-CF42-42EC-BDA0-90FDCB602FD6}"
EndProject
Project("{FAE04EC0-301F-11D3-BF4B-00C04F79EFBC}") = "JonasOchJohansMataffärTests", "JonasOchJohansMataffärTests\JonasOchJohansMataffärTests.csproj", "{03B0180B-158B-4686-86D9-E3D5BF4714F0}"
EndProject
Global
	GlobalSection(SolutionConfigurationPlatforms) = preSolution
		Debug|Any CPU = Debug|Any CPU
		Release|Any CPU = Release|Any CPU
	EndGlobalSection
	GlobalSection(ProjectConfigurationPlatforms) = postSolution
		{E2C4723E-265F-472B-BA35-E404CD1156EC}.Debug|Any CPU.ActiveCfg = Debug|Any CPU
		{E2C4723E-265F-472B-BA35-E404CD1156EC}.Debug|Any CPU.Build.0 = Debug|Any CPU
		{E2C4723E-265F-472B-BA35-E404CD1156EC}.Release|Any CPU.ActiveCfg = Release|Any CPU
		{E2C4723E-265F-472B-BA35-E404CD1156EC}.Release|Any CPU.Build.0 = Release|Any CPU
		{77A89A37-CF42-42EC-BDA0-90FDCB602FD6}.Debug|Any CPU.ActiveCfg = Debug|Any CPU
		{77A89A37-CF42-42EC-BDA0-90FDCB602FD6}.Debug|Any CPU.Build.0 = Debug|Any CPU
		{77A89A37-CF42-42EC-BDA0-90FDCB602FD6}.Release|Any CPU.ActiveCfg = Release|Any CPU
		{77A89A37-CF42-42EC-BDA0-90FDCB602FD6}.Release|Any CPU.Build.0 = Release|Any CPU
		{03B0180B-158B-4686-86D9-E3D5BF4714F0}.Debug|Any CPU.ActiveCfg = Debug|Any CPU
		{03B0180B-158B-4686-86D9-E3D5BF4714F0}.Debug|Any CPU.Build.0 = Debug|Any CPU
		{03B0180B-158B-4686-86D9-E3D5BF4714F0}.Release|Any CPU.ActiveCfg = Release|Any CPU
		{03B0180B-158B-4686-86D9-E3D5BF4714F0}.Release|Any CPU.Build.0 = Release|Any CPU
	EndGlobalSection
	GlobalSection(SolutionProperties) = preSolution
		HideSolutionNode = FALSE
	EndGlobalSection
	GlobalSection(ExtensibilityGlobals) = postSolution
		SolutionGuid = {42BC25EB-AB3D-48FF-9717-BA9FF6384B2D}
	EndGlobalSection
EndGlobal
